
Microsoft Visual Studio Solution File, Format Version 12.00
# Visual Studio Version 17
VisualStudioVersion = 17.2.32616.157
MinimumVisualStudioVersion = 10.0.40219.1
Project("{FAE04EC0-301F-11D3-BF4B-00C04F79EFBC}") = "OperatorExercise", "OperatorExercise\OperatorExercise.csproj", "{48724B8B-D2F0-461D-9AC2-5DB2F738220D}"
EndProject
Global
	GlobalSection(SolutionConfigurationPlatforms) = preSolution
		Debug|Any CPU = Debug|Any CPU
		Release|Any CPU = Release|Any CPU
	EndGlobalSection
	GlobalSection(ProjectConfigurationPlatforms) = postSolution
		{48724B8B-D2F0-461D-9AC2-5DB2F738220D}.Debug|Any CPU.ActiveCfg = Debug|Any CPU
		{48724B8B-D2F0-461D-9AC2-5DB2F738220D}.Debug|Any CPU.Build.0 = Debug|Any CPU
		{48724B8B-D2F0-461D-9AC2-5DB2F738220D}.Release|Any CPU.ActiveCfg = Release|Any CPU
		{48724B8B-D2F0-461D-9AC2-5DB2F738220D}.Release|Any CPU.Build.0 = Release|Any CPU
	EndGlobalSection
	GlobalSection(SolutionProperties) = preSolution
		HideSolutionNode = FALSE
	EndGlobalSection
	GlobalSection(ExtensibilityGlobals) = postSolution
		SolutionGuid = {63DD155E-BA1E-4C93-9563-3E97D7DDB911}
	EndGlobalSection
EndGlobal
